
Microsoft Visual Studio Solution File, Format Version 12.00
# Visual Studio 15
VisualStudioVersion = 15.0.27428.2002
MinimumVisualStudioVersion = 10.0.40219.1
Project("{FAE04EC0-301F-11D3-BF4B-00C04F79EFBC}") = "CaseEleva", "CaseEleva\CaseEleva.csproj", "{FBE365AA-A7E6-4E95-90B1-AD9E1B20A882}"
EndProject
Global
	GlobalSection(SolutionConfigurationPlatforms) = preSolution
		Debug|Any CPU = Debug|Any CPU
		Release|Any CPU = Release|Any CPU
	EndGlobalSection
	GlobalSection(ProjectConfigurationPlatforms) = postSolution
		{FBE365AA-A7E6-4E95-90B1-AD9E1B20A882}.Debug|Any CPU.ActiveCfg = Debug|Any CPU
		{FBE365AA-A7E6-4E95-90B1-AD9E1B20A882}.Debug|Any CPU.Build.0 = Debug|Any CPU
		{FBE365AA-A7E6-4E95-90B1-AD9E1B20A882}.Release|Any CPU.ActiveCfg = Release|Any CPU
		{FBE365AA-A7E6-4E95-90B1-AD9E1B20A882}.Release|Any CPU.Build.0 = Release|Any CPU
	EndGlobalSection
	GlobalSection(SolutionProperties) = preSolution
		HideSolutionNode = FALSE
	EndGlobalSection
	GlobalSection(ExtensibilityGlobals) = postSolution
		SolutionGuid = {6014F974-27C2-4C4C-A10F-AFA6C1AB07CE}
	EndGlobalSection
EndGlobal
